
Microsoft Visual Studio Solution File, Format Version 12.00
# Visual Studio Version 16
VisualStudioVersion = 16.0.31624.102
MinimumVisualStudioVersion = 10.0.40219.1
Project("{FAE04EC0-301F-11D3-BF4B-00C04F79EFBC}") = "BudgetCalculator", "BudgetCalculator\BudgetCalculator.csproj", "{12FA910A-FD7D-41EA-8179-9422DD6F7578}"
EndProject
Global
	GlobalSection(SolutionConfigurationPlatforms) = preSolution
		Debug|Any CPU = Debug|Any CPU
		Release|Any CPU = Release|Any CPU
	EndGlobalSection
	GlobalSection(ProjectConfigurationPlatforms) = postSolution
		{12FA910A-FD7D-41EA-8179-9422DD6F7578}.Debug|Any CPU.ActiveCfg = Debug|Any CPU
		{12FA910A-FD7D-41EA-8179-9422DD6F7578}.Debug|Any CPU.Build.0 = Debug|Any CPU
		{12FA910A-FD7D-41EA-8179-9422DD6F7578}.Release|Any CPU.ActiveCfg = Release|Any CPU
		{12FA910A-FD7D-41EA-8179-9422DD6F7578}.Release|Any CPU.Build.0 = Release|Any CPU
	EndGlobalSection
	GlobalSection(SolutionProperties) = preSolution
		HideSolutionNode = FALSE
	EndGlobalSection
	GlobalSection(ExtensibilityGlobals) = postSolution
		SolutionGuid = {CD986CF8-7B89-4FDC-A463-A1EA854E7BFD}
	EndGlobalSection
EndGlobal
