
Microsoft Visual Studio Solution File, Format Version 12.00
# Visual Studio Version 16
VisualStudioVersion = 16.0.31624.102
MinimumVisualStudioVersion = 10.0.40219.1
Project("{FAE04EC0-301F-11D3-BF4B-00C04F79EFBC}") = "Maze", "Maze\Maze.csproj", "{F8FF6974-282C-468C-B49D-1FD489D5CB77}"
EndProject
Global
	GlobalSection(SolutionConfigurationPlatforms) = preSolution
		Debug|Any CPU = Debug|Any CPU
		Release|Any CPU = Release|Any CPU
	EndGlobalSection
	GlobalSection(ProjectConfigurationPlatforms) = postSolution
		{F8FF6974-282C-468C-B49D-1FD489D5CB77}.Debug|Any CPU.ActiveCfg = Debug|Any CPU
		{F8FF6974-282C-468C-B49D-1FD489D5CB77}.Debug|Any CPU.Build.0 = Debug|Any CPU
		{F8FF6974-282C-468C-B49D-1FD489D5CB77}.Release|Any CPU.ActiveCfg = Release|Any CPU
		{F8FF6974-282C-468C-B49D-1FD489D5CB77}.Release|Any CPU.Build.0 = Release|Any CPU
	EndGlobalSection
	GlobalSection(SolutionProperties) = preSolution
		HideSolutionNode = FALSE
	EndGlobalSection
	GlobalSection(ExtensibilityGlobals) = postSolution
		SolutionGuid = {374DCA5D-0136-48FA-A33B-292D65BFFDAF}
	EndGlobalSection
EndGlobal
