
Microsoft Visual Studio Solution File, Format Version 12.00
# Visual Studio Version 16
VisualStudioVersion = 16.0.31624.102
MinimumVisualStudioVersion = 10.0.40219.1
Project("{FAE04EC0-301F-11D3-BF4B-00C04F79EFBC}") = "Integer Romanization", "Integer Romanization\Integer Romanization.csproj", "{AA5FF4D5-2351-4266-811B-6146E47752EB}"
EndProject
Global
	GlobalSection(SolutionConfigurationPlatforms) = preSolution
		Debug|Any CPU = Debug|Any CPU
		Release|Any CPU = Release|Any CPU
	EndGlobalSection
	GlobalSection(ProjectConfigurationPlatforms) = postSolution
		{AA5FF4D5-2351-4266-811B-6146E47752EB}.Debug|Any CPU.ActiveCfg = Debug|Any CPU
		{AA5FF4D5-2351-4266-811B-6146E47752EB}.Debug|Any CPU.Build.0 = Debug|Any CPU
		{AA5FF4D5-2351-4266-811B-6146E47752EB}.Release|Any CPU.ActiveCfg = Release|Any CPU
		{AA5FF4D5-2351-4266-811B-6146E47752EB}.Release|Any CPU.Build.0 = Release|Any CPU
	EndGlobalSection
	GlobalSection(SolutionProperties) = preSolution
		HideSolutionNode = FALSE
	EndGlobalSection
	GlobalSection(ExtensibilityGlobals) = postSolution
		SolutionGuid = {64566D1E-2BE0-420A-A519-4B52B725FC3F}
	EndGlobalSection
EndGlobal
