
Microsoft Visual Studio Solution File, Format Version 12.00
# Visual Studio Version 16
VisualStudioVersion = 16.0.31624.102
MinimumVisualStudioVersion = 10.0.40219.1
Project("{FAE04EC0-301F-11D3-BF4B-00C04F79EFBC}") = "FibonacciNumbers", "FibonacciNumbers\FibonacciNumbers.csproj", "{79CAED20-3AEA-4C5E-A60E-6A89FC40098A}"
EndProject
Global
	GlobalSection(SolutionConfigurationPlatforms) = preSolution
		Debug|Any CPU = Debug|Any CPU
		Release|Any CPU = Release|Any CPU
	EndGlobalSection
	GlobalSection(ProjectConfigurationPlatforms) = postSolution
		{79CAED20-3AEA-4C5E-A60E-6A89FC40098A}.Debug|Any CPU.ActiveCfg = Debug|Any CPU
		{79CAED20-3AEA-4C5E-A60E-6A89FC40098A}.Debug|Any CPU.Build.0 = Debug|Any CPU
		{79CAED20-3AEA-4C5E-A60E-6A89FC40098A}.Release|Any CPU.ActiveCfg = Release|Any CPU
		{79CAED20-3AEA-4C5E-A60E-6A89FC40098A}.Release|Any CPU.Build.0 = Release|Any CPU
	EndGlobalSection
	GlobalSection(SolutionProperties) = preSolution
		HideSolutionNode = FALSE
	EndGlobalSection
	GlobalSection(ExtensibilityGlobals) = postSolution
		SolutionGuid = {0DEEBE9F-41FA-4B61-8F8E-7019FD3CA757}
	EndGlobalSection
EndGlobal
